
Microsoft Visual Studio Solution File, Format Version 12.00
# Visual Studio Version 17
VisualStudioVersion = 17.14.36603.0
MinimumVisualStudioVersion = 10.0.40219.1
Project("{FAE04EC0-301F-11D3-BF4B-00C04F79EFBC}") = "Notifications.API", "Service\Notifications\Notifications.API\Notifications.API.csproj", "{7A67BC52-9196-4DC6-C10C-1C8E7C8F87B6}"
EndProject
Project("{FAE04EC0-301F-11D3-BF4B-00C04F79EFBC}") = "Notifications.Core", "Service\Notifications\Notifications.Core\Notifications.Core.csproj", "{DAF110E8-D524-F97F-5D12-92D8497CBC65}"
EndProject
Project("{FAE04EC0-301F-11D3-BF4B-00C04F79EFBC}") = "Notifications.Infra", "Service\Notifications\Notifications.Infra\Notifications.Infra.csproj", "{08EA09A0-9896-1554-A4B4-2AB77DAE145F}"
EndProject
Global
	GlobalSection(SolutionConfigurationPlatforms) = preSolution
		Debug|Any CPU = Debug|Any CPU
		Release|Any CPU = Release|Any CPU
	EndGlobalSection
	GlobalSection(ProjectConfigurationPlatforms) = postSolution
		{7A67BC52-9196-4DC6-C10C-1C8E7C8F87B6}.Debug|Any CPU.ActiveCfg = Debug|Any CPU
		{7A67BC52-9196-4DC6-C10C-1C8E7C8F87B6}.Debug|Any CPU.Build.0 = Debug|Any CPU
		{7A67BC52-9196-4DC6-C10C-1C8E7C8F87B6}.Release|Any CPU.ActiveCfg = Release|Any CPU
		{7A67BC52-9196-4DC6-C10C-1C8E7C8F87B6}.Release|Any CPU.Build.0 = Release|Any CPU
		{DAF110E8-D524-F97F-5D12-92D8497CBC65}.Debug|Any CPU.ActiveCfg = Debug|Any CPU
		{DAF110E8-D524-F97F-5D12-92D8497CBC65}.Debug|Any CPU.Build.0 = Debug|Any CPU
		{DAF110E8-D524-F97F-5D12-92D8497CBC65}.Release|Any CPU.ActiveCfg = Release|Any CPU
		{DAF110E8-D524-F97F-5D12-92D8497CBC65}.Release|Any CPU.Build.0 = Release|Any CPU
		{08EA09A0-9896-1554-A4B4-2AB77DAE145F}.Debug|Any CPU.ActiveCfg = Debug|Any CPU
		{08EA09A0-9896-1554-A4B4-2AB77DAE145F}.Debug|Any CPU.Build.0 = Debug|Any CPU
		{08EA09A0-9896-1554-A4B4-2AB77DAE145F}.Release|Any CPU.ActiveCfg = Release|Any CPU
		{08EA09A0-9896-1554-A4B4-2AB77DAE145F}.Release|Any CPU.Build.0 = Release|Any CPU
	EndGlobalSection
	GlobalSection(SolutionProperties) = preSolution
		HideSolutionNode = FALSE
	EndGlobalSection
	GlobalSection(ExtensibilityGlobals) = postSolution
		SolutionGuid = {F84749F6-7E02-40A5-ACBC-1DB576CA51A9}
	EndGlobalSection
EndGlobal
